
Microsoft Visual Studio Solution File, Format Version 12.00
# Visual Studio Version 16
VisualStudioVersion = 16.0.30114.105
MinimumVisualStudioVersion = 10.0.40219.1
Project("{FAE04EC0-301F-11D3-BF4B-00C04F79EFBC}") = "Cw5", "Cw5.csproj", "{8A76CE9F-D66D-426A-91B6-EFACFD691949}"
EndProject
Global
	GlobalSection(SolutionConfigurationPlatforms) = preSolution
		Debug|Any CPU = Debug|Any CPU
		Release|Any CPU = Release|Any CPU
	EndGlobalSection
	GlobalSection(ProjectConfigurationPlatforms) = postSolution
		{8A76CE9F-D66D-426A-91B6-EFACFD691949}.Debug|Any CPU.ActiveCfg = Debug|Any CPU
		{8A76CE9F-D66D-426A-91B6-EFACFD691949}.Debug|Any CPU.Build.0 = Debug|Any CPU
		{8A76CE9F-D66D-426A-91B6-EFACFD691949}.Release|Any CPU.ActiveCfg = Release|Any CPU
		{8A76CE9F-D66D-426A-91B6-EFACFD691949}.Release|Any CPU.Build.0 = Release|Any CPU
	EndGlobalSection
	GlobalSection(SolutionProperties) = preSolution
		HideSolutionNode = FALSE
	EndGlobalSection
	GlobalSection(ExtensibilityGlobals) = postSolution
		SolutionGuid = {22F94BE4-8663-4C65-AD8C-7C865D286C8E}
	EndGlobalSection
EndGlobal
